
Microsoft Visual Studio Solution File, Format Version 12.00
# Visual Studio 14
VisualStudioVersion = 14.0.25420.1
MinimumVisualStudioVersion = 10.0.40219.1
Project("{FAE04EC0-301F-11D3-BF4B-00C04F79EFBC}") = "Raft.Common", "Raft.Common\Raft.Common.csproj", "{BB362D83-DE40-4CEF-B278-1040C5FCE402}"
EndProject
Project("{FAE04EC0-301F-11D3-BF4B-00C04F79EFBC}") = "Raft.Client", "Raft.Client\Raft.Client.csproj", "{1F8A5A65-CB98-42F2-B717-2212380D447E}"
EndProject
Project("{FAE04EC0-301F-11D3-BF4B-00C04F79EFBC}") = "Raft.Server", "Raft.Server\Raft.Server.csproj", "{ABC970D4-5283-4C09-8BF7-8535BBBB9ABB}"
EndProject
Project("{2150E333-8FDC-42A3-9474-1A3956D46DE8}") = "Solution Items", "Solution Items", "{46204D2B-94B7-4627-9590-A9A2165B7926}"
	ProjectSection(SolutionItems) = preProject
		GlobalAssemblyVersion.cs = GlobalAssemblyVersion.cs
	EndProjectSection
EndProject
Project("{FAE04EC0-301F-11D3-BF4B-00C04F79EFBC}") = "Raft.Messages", "Raft.Messages\Raft.Messages.csproj", "{DE81DB3A-21CD-4F14-B583-897216EF0D4E}"
EndProject
Global
	GlobalSection(SolutionConfigurationPlatforms) = preSolution
		Debug|Any CPU = Debug|Any CPU
		DebugNet45|Any CPU = DebugNet45|Any CPU
		Release|Any CPU = Release|Any CPU
		ReleaseNet45|Any CPU = ReleaseNet45|Any CPU
	EndGlobalSection
	GlobalSection(ProjectConfigurationPlatforms) = postSolution
		{BB362D83-DE40-4CEF-B278-1040C5FCE402}.Debug|Any CPU.ActiveCfg = DebugNet45|Any CPU
		{BB362D83-DE40-4CEF-B278-1040C5FCE402}.Debug|Any CPU.Build.0 = DebugNet45|Any CPU
		{BB362D83-DE40-4CEF-B278-1040C5FCE402}.DebugNet45|Any CPU.ActiveCfg = DebugNet45|Any CPU
		{BB362D83-DE40-4CEF-B278-1040C5FCE402}.DebugNet45|Any CPU.Build.0 = DebugNet45|Any CPU
		{BB362D83-DE40-4CEF-B278-1040C5FCE402}.Release|Any CPU.ActiveCfg = ReleaseNet45|Any CPU
		{BB362D83-DE40-4CEF-B278-1040C5FCE402}.Release|Any CPU.Build.0 = ReleaseNet45|Any CPU
		{BB362D83-DE40-4CEF-B278-1040C5FCE402}.ReleaseNet45|Any CPU.ActiveCfg = ReleaseNet45|Any CPU
		{BB362D83-DE40-4CEF-B278-1040C5FCE402}.ReleaseNet45|Any CPU.Build.0 = ReleaseNet45|Any CPU
		{1F8A5A65-CB98-42F2-B717-2212380D447E}.Debug|Any CPU.ActiveCfg = DebugNet45|Any CPU
		{1F8A5A65-CB98-42F2-B717-2212380D447E}.Debug|Any CPU.Build.0 = DebugNet45|Any CPU
		{1F8A5A65-CB98-42F2-B717-2212380D447E}.DebugNet45|Any CPU.ActiveCfg = DebugNet45|Any CPU
		{1F8A5A65-CB98-42F2-B717-2212380D447E}.DebugNet45|Any CPU.Build.0 = DebugNet45|Any CPU
		{1F8A5A65-CB98-42F2-B717-2212380D447E}.Release|Any CPU.ActiveCfg = ReleaseNet45|Any CPU
		{1F8A5A65-CB98-42F2-B717-2212380D447E}.Release|Any CPU.Build.0 = ReleaseNet45|Any CPU
		{1F8A5A65-CB98-42F2-B717-2212380D447E}.ReleaseNet45|Any CPU.ActiveCfg = ReleaseNet45|Any CPU
		{1F8A5A65-CB98-42F2-B717-2212380D447E}.ReleaseNet45|Any CPU.Build.0 = ReleaseNet45|Any CPU
		{ABC970D4-5283-4C09-8BF7-8535BBBB9ABB}.Debug|Any CPU.ActiveCfg = DebugNet45|Any CPU
		{ABC970D4-5283-4C09-8BF7-8535BBBB9ABB}.Debug|Any CPU.Build.0 = DebugNet45|Any CPU
		{ABC970D4-5283-4C09-8BF7-8535BBBB9ABB}.DebugNet45|Any CPU.ActiveCfg = DebugNet45|Any CPU
		{ABC970D4-5283-4C09-8BF7-8535BBBB9ABB}.DebugNet45|Any CPU.Build.0 = DebugNet45|Any CPU
		{ABC970D4-5283-4C09-8BF7-8535BBBB9ABB}.Release|Any CPU.ActiveCfg = ReleaseNet45|Any CPU
		{ABC970D4-5283-4C09-8BF7-8535BBBB9ABB}.Release|Any CPU.Build.0 = ReleaseNet45|Any CPU
		{ABC970D4-5283-4C09-8BF7-8535BBBB9ABB}.ReleaseNet45|Any CPU.ActiveCfg = ReleaseNet45|Any CPU
		{ABC970D4-5283-4C09-8BF7-8535BBBB9ABB}.ReleaseNet45|Any CPU.Build.0 = ReleaseNet45|Any CPU
		{DE81DB3A-21CD-4F14-B583-897216EF0D4E}.Debug|Any CPU.ActiveCfg = DebugNet45|Any CPU
		{DE81DB3A-21CD-4F14-B583-897216EF0D4E}.Debug|Any CPU.Build.0 = DebugNet45|Any CPU
		{DE81DB3A-21CD-4F14-B583-897216EF0D4E}.DebugNet45|Any CPU.ActiveCfg = DebugNet45|Any CPU
		{DE81DB3A-21CD-4F14-B583-897216EF0D4E}.DebugNet45|Any CPU.Build.0 = DebugNet45|Any CPU
		{DE81DB3A-21CD-4F14-B583-897216EF0D4E}.Release|Any CPU.ActiveCfg = ReleaseNet45|Any CPU
		{DE81DB3A-21CD-4F14-B583-897216EF0D4E}.Release|Any CPU.Build.0 = ReleaseNet45|Any CPU
		{DE81DB3A-21CD-4F14-B583-897216EF0D4E}.ReleaseNet45|Any CPU.ActiveCfg = ReleaseNet45|Any CPU
		{DE81DB3A-21CD-4F14-B583-897216EF0D4E}.ReleaseNet45|Any CPU.Build.0 = ReleaseNet45|Any CPU
	EndGlobalSection
	GlobalSection(SolutionProperties) = preSolution
		HideSolutionNode = FALSE
	EndGlobalSection
EndGlobal
